github.com/beevik/cmd v0.3.0 h1:QjmDdyORcj+KCndcQHT3op2ONMVcV+gKaBlkmXjwl/8=
github.com/beevik/cmd v0.3.0/go.mod h1:dpRu0gHueCpDS1wE+UVWiMEgvs23E4djsyePI2l/IsY=
github.com/beevik/prefixtree/v2 v2.0.1 h1:RFXjlvdx/whSsnb47Z88Nnd0wpnI5kEi23N5IcD8J1g=
github.com/beevik/prefixtree/v2 v2.0.1/go.mod h1:XHO9bShx0lkQYkbYKtfnQqtVCVvchjxgCRnLd4qNdgI=
golang.org/x/sys v0.38.0 h1:3yZWxaJjBmCWXqhN1qh02AkOnCQ1poK6oF+a7xWL6Gc=
golang.org/x/sys v0.38.0/go.mod h1:OgkHotnGiDImocRcuBABYBEXf8A9a87e/uXjp9XT3ks=
golang.org/x/term v0.37.0 h1:8EGAD0qCmHYZg6J17DvsMy9/wJ7/D/4pV/wfnld5lTU=
golang.org/x/term v0.37.0/go.mod h1:5pB4lxRNYYVZuTLmy8oR2BH8dflOR+IbTYFD8fi3254=
